<?xml version="1.0" encoding="utf-8"?>
<Project DefaultTargets="Build" ToolsVersion="4.0" xmlns="http://schemas.microsoft.com/developer/msbuild/2003">
  <PropertyGroup>
    <Configuration Condition=" '$(Configuration)' == '' ">Debug</Configuration>
    <Platform Condition=" '$(Platform)' == '' ">AnyCPU</Platform>
    <ProjectGuid>{5E3E0D8A-F7E0-49B7-9EDE-8C7C44884AF6}</ProjectGuid>
    <Compiler>DMD2</Compiler>
    <PreferOneStepBuild>true</PreferOneStepBuild>
    <UseDefaultCompiler>true</UseDefaultCompiler>
    <IncrementalLinking>true</IncrementalLinking>
    <Includes>
      <Includes>
        <Path>../../../.dub/packages/consoled-1.0.4/consoled/source</Path>
      </Includes>
    </Includes>
  </PropertyGroup>
  <PropertyGroup Condition=" '$(Configuration)|$(Platform)' == 'Release|AnyCPU' ">
    <OutputPath>bin\Release</OutputPath>
    <ObjectsDirectory>obj/Release</ObjectsDirectory>
    <LinkinThirdPartyLibraries>false</LinkinThirdPartyLibraries>
    <UnittestMode>false</UnittestMode>
    <OutputName>gameofur</OutputName>
    <Target>Executable</Target>
    <Externalconsole>true</Externalconsole>
    <DebugLevel>0</DebugLevel>
    <CustomCommands>
      <CustomCommands>
        <Command type="BeforeBuild" command="dub upgrade" workingdir="${ProjectDir}" />
      </CustomCommands>
    </CustomCommands>
  </PropertyGroup>
  <PropertyGroup Condition=" '$(Configuration)|$(Platform)' == 'Unittest|AnyCPU' ">
    <DebugSymbols>true</DebugSymbols>
    <OutputPath>bin\Unittest</OutputPath>
    <ObjectsDirectory>obj/Unittest</ObjectsDirectory>
    <LinkinThirdPartyLibraries>false</LinkinThirdPartyLibraries>
    <UnittestMode>true</UnittestMode>
    <OutputName>gameofur</OutputName>
    <Target>Executable</Target>
    <Externalconsole>true</Externalconsole>
    <DebugLevel>0</DebugLevel>
    <CustomCommands>
      <CustomCommands>
        <Command type="BeforeBuild" command="dub upgrade" workingdir="${ProjectDir}" />
      </CustomCommands>
    </CustomCommands>
  </PropertyGroup>
  <PropertyGroup Condition=" '$(Configuration)|$(Platform)' == 'Debug|AnyCPU' ">
    <DebugSymbols>true</DebugSymbols>
    <OutputPath>bin\Debug</OutputPath>
    <CustomCommands>
      <CustomCommands>
        <Command type="BeforeExecute" />
        <Command type="BeforeBuild" command="dub upgrade" workingdir="${ProjectDir}" />
      </CustomCommands>
    </CustomCommands>
    <ObjectsDirectory>obj/Debug</ObjectsDirectory>
    <LinkinThirdPartyLibraries>false</LinkinThirdPartyLibraries>
    <Libs>
      <Libs>
        <Lib>../../../.dub/packages/consoled-1.0.4/consoled/libconsoled.a</Lib>
      </Libs>
    </Libs>
    <UnittestMode>false</UnittestMode>
    <OutputName>gameofur</OutputName>
    <Target>Executable</Target>
    <Externalconsole>true</Externalconsole>
    <DebugLevel>0</DebugLevel>
  </PropertyGroup>
  <ItemGroup>
    <None Include="LICENSE" />
    <None Include="README.md" />
    <None Include="dub.json" />
    <None Include="dub.selections.json" />
    <None Include="gameofur.dproj" />
  </ItemGroup>
  <ItemGroup>
    <Compile Include="src\app.d" />
    <Compile Include="src\domain\field.d" />
    <Compile Include="src\domain\game.d" />
    <Compile Include="src\domain\player.d" />
    <Compile Include="src\domain\stone.d" />
    <Compile Include="src\process\controller.d" />
    <Compile Include="src\view\start.d" />
  </ItemGroup>
  <ItemGroup>
    <Folder Include="vendor\" />
  </ItemGroup>
</Project>
